
Microsoft Visual Studio Solution File, Format Version 12.00
# Visual Studio Version 16
VisualStudioVersion = 16.0.808.10
MinimumVisualStudioVersion = 10.0.40219.1
Project("{FAE04EC0-301F-11D3-BF4B-00C04F79EFBC}") = "PizzaDelivery", "PizzaDelivery.csproj", "{6A093B38-BA11-4FA0-9EE2-E586E66F01A2}"
EndProject
Global
	GlobalSection(SolutionConfigurationPlatforms) = preSolution
		Debug|Any CPU = Debug|Any CPU
		Release|Any CPU = Release|Any CPU
	EndGlobalSection
	GlobalSection(ProjectConfigurationPlatforms) = postSolution
		{6A093B38-BA11-4FA0-9EE2-E586E66F01A2}.Debug|Any CPU.ActiveCfg = Debug|Any CPU
		{6A093B38-BA11-4FA0-9EE2-E586E66F01A2}.Debug|Any CPU.Build.0 = Debug|Any CPU
		{6A093B38-BA11-4FA0-9EE2-E586E66F01A2}.Release|Any CPU.ActiveCfg = Release|Any CPU
		{6A093B38-BA11-4FA0-9EE2-E586E66F01A2}.Release|Any CPU.Build.0 = Release|Any CPU
	EndGlobalSection
	GlobalSection(SolutionProperties) = preSolution
		HideSolutionNode = FALSE
	EndGlobalSection
	GlobalSection(ExtensibilityGlobals) = postSolution
		SolutionGuid = {A81E9198-0706-4C84-B721-3C0BB39280B4}
	EndGlobalSection
EndGlobal
